
Microsoft Visual Studio Solution File, Format Version 12.00
Project("{FAE04EC0-301F-11D3-BF4B-00C04F79EFBC}") = "PersonManagement.Application", "PersonManagement.Application\PersonManagement.Application.csproj", "{D846F748-AEAD-4514-B257-66115C89AF6C}"
EndProject
Project("{FAE04EC0-301F-11D3-BF4B-00C04F79EFBC}") = "PersonManagement.Api", "PersonManagement.Api\PersonManagement.Api.csproj", "{D63EE01B-6DA8-4E17-95A4-A8F79A5F58B9}"
EndProject
Project("{FAE04EC0-301F-11D3-BF4B-00C04F79EFBC}") = "PersonManagement.Domain", "PersonManagement.Domain\PersonManagement.Domain.csproj", "{0F88D78D-3A5D-4F94-9423-2C31749822BA}"
EndProject
Project("{FAE04EC0-301F-11D3-BF4B-00C04F79EFBC}") = "PersonManagement.Persistence", "PersonManagement.Persistence\PersonManagement.Persistence.csproj", "{41BBAD73-2F3F-4028-AF0B-7E61222B8C5A}"
EndProject
Project("{FAE04EC0-301F-11D3-BF4B-00C04F79EFBC}") = "PersonManagement.Infrastructure", "PersonManagement.Infrastructure\PersonManagement.Infrastructure.csproj", "{B2B38A20-1EF4-4E43-AC4D-AC5D4BD93F5E}"
EndProject
Global
	GlobalSection(SolutionConfigurationPlatforms) = preSolution
		Debug|Any CPU = Debug|Any CPU
		Release|Any CPU = Release|Any CPU
	EndGlobalSection
	GlobalSection(ProjectConfigurationPlatforms) = postSolution
		{D846F748-AEAD-4514-B257-66115C89AF6C}.Debug|Any CPU.ActiveCfg = Debug|Any CPU
		{D846F748-AEAD-4514-B257-66115C89AF6C}.Debug|Any CPU.Build.0 = Debug|Any CPU
		{D846F748-AEAD-4514-B257-66115C89AF6C}.Release|Any CPU.ActiveCfg = Release|Any CPU
		{D846F748-AEAD-4514-B257-66115C89AF6C}.Release|Any CPU.Build.0 = Release|Any CPU
		{D63EE01B-6DA8-4E17-95A4-A8F79A5F58B9}.Debug|Any CPU.ActiveCfg = Debug|Any CPU
		{D63EE01B-6DA8-4E17-95A4-A8F79A5F58B9}.Debug|Any CPU.Build.0 = Debug|Any CPU
		{D63EE01B-6DA8-4E17-95A4-A8F79A5F58B9}.Release|Any CPU.ActiveCfg = Release|Any CPU
		{D63EE01B-6DA8-4E17-95A4-A8F79A5F58B9}.Release|Any CPU.Build.0 = Release|Any CPU
		{0F88D78D-3A5D-4F94-9423-2C31749822BA}.Debug|Any CPU.ActiveCfg = Debug|Any CPU
		{0F88D78D-3A5D-4F94-9423-2C31749822BA}.Debug|Any CPU.Build.0 = Debug|Any CPU
		{0F88D78D-3A5D-4F94-9423-2C31749822BA}.Release|Any CPU.ActiveCfg = Release|Any CPU
		{0F88D78D-3A5D-4F94-9423-2C31749822BA}.Release|Any CPU.Build.0 = Release|Any CPU
		{41BBAD73-2F3F-4028-AF0B-7E61222B8C5A}.Debug|Any CPU.ActiveCfg = Debug|Any CPU
		{41BBAD73-2F3F-4028-AF0B-7E61222B8C5A}.Debug|Any CPU.Build.0 = Debug|Any CPU
		{41BBAD73-2F3F-4028-AF0B-7E61222B8C5A}.Release|Any CPU.ActiveCfg = Release|Any CPU
		{41BBAD73-2F3F-4028-AF0B-7E61222B8C5A}.Release|Any CPU.Build.0 = Release|Any CPU
		{B2B38A20-1EF4-4E43-AC4D-AC5D4BD93F5E}.Debug|Any CPU.ActiveCfg = Debug|Any CPU
		{B2B38A20-1EF4-4E43-AC4D-AC5D4BD93F5E}.Debug|Any CPU.Build.0 = Debug|Any CPU
		{B2B38A20-1EF4-4E43-AC4D-AC5D4BD93F5E}.Release|Any CPU.ActiveCfg = Release|Any CPU
		{B2B38A20-1EF4-4E43-AC4D-AC5D4BD93F5E}.Release|Any CPU.Build.0 = Release|Any CPU
	EndGlobalSection
EndGlobal
